<?xml version="1.0" encoding="utf-8"?>
<Project ToolsVersion="4.0" xmlns="http://schemas.microsoft.com/developer/msbuild/2003">
  <ItemGroup>
    <ClCompile Include="main.cpp" />
    <ClCompile Include="..\..\generated\CBaseListener.cpp">
      <Filter>generated</Filter>
    </ClCompile>
    <ClCompile Include="..\..\generated\CBaseVisitor.cpp">
      <Filter>generated</Filter>
    </ClCompile>
    <ClCompile Include="..\..\generated\CLexer.cpp">
      <Filter>generated</Filter>
    </ClCompile>
    <ClCompile Include="..\..\generated\CListener.cpp">
      <Filter>generated</Filter>
    </ClCompile>
    <ClCompile Include="..\..\generated\CParser.cpp">
      <Filter>generated</Filter>
    </ClCompile>
    <ClCompile Include="..\..\generated\CVisitor.cpp">
      <Filter>generated</Filter>
    </ClCompile>
    <ClCompile Include="mod.cpp" />
    <ClCompile Include="MyVisitor.cpp" />
  </ItemGroup>
  <ItemGroup>
    <ClInclude Include="..\..\generated\CBaseListener.h">
      <Filter>generated</Filter>
    </ClInclude>
    <ClInclude Include="..\..\generated\CBaseVisitor.h">
      <Filter>generated</Filter>
    </ClInclude>
    <ClInclude Include="..\..\generated\CLexer.h">
      <Filter>generated</Filter>
    </ClInclude>
    <ClInclude Include="..\..\generated\CListener.h">
      <Filter>generated</Filter>
    </ClInclude>
    <ClInclude Include="..\..\generated\CParser.h">
      <Filter>generated</Filter>
    </ClInclude>
    <ClInclude Include="..\..\generated\CVisitor.h">
      <Filter>generated</Filter>
    </ClInclude>
    <ClInclude Include="mod.h" />
    <ClInclude Include="MyVisitor.h" />
  </ItemGroup>
  <ItemGroup>
    <Filter Include="generated">
      <UniqueIdentifier>{5d378e7c-03c7-4e35-864a-b84435a3717e}</UniqueIdentifier>
    </Filter>
  </ItemGroup>
</Project>